
Microsoft Visual Studio Solution File, Format Version 12.00
# Visual Studio 15
VisualStudioVersion = 15.0.28010.2046
MinimumVisualStudioVersion = 10.0.40219.1
Project("{FAE04EC0-301F-11D3-BF4B-00C04F79EFBC}") = "COMP123-S2019-FinalTestA", "COMP123-S2019-FinalTestA\COMP123-S2019-FinalTestA.csproj", "{6AD4391F-E03B-49A0-9E3E-C981EAED7141}"
EndProject
Global
	GlobalSection(SolutionConfigurationPlatforms) = preSolution
		Debug|Any CPU = Debug|Any CPU
		Release|Any CPU = Release|Any CPU
	EndGlobalSection
	GlobalSection(ProjectConfigurationPlatforms) = postSolution
		{6AD4391F-E03B-49A0-9E3E-C981EAED7141}.Debug|Any CPU.ActiveCfg = Debug|Any CPU
		{6AD4391F-E03B-49A0-9E3E-C981EAED7141}.Debug|Any CPU.Build.0 = Debug|Any CPU
		{6AD4391F-E03B-49A0-9E3E-C981EAED7141}.Release|Any CPU.ActiveCfg = Release|Any CPU
		{6AD4391F-E03B-49A0-9E3E-C981EAED7141}.Release|Any CPU.Build.0 = Release|Any CPU
	EndGlobalSection
	GlobalSection(SolutionProperties) = preSolution
		HideSolutionNode = FALSE
	EndGlobalSection
	GlobalSection(ExtensibilityGlobals) = postSolution
		SolutionGuid = {776223EA-2D92-4328-BB94-D304FAC3370D}
	EndGlobalSection
EndGlobal
